
Microsoft Visual Studio Solution File, Format Version 12.00
# Visual Studio 15
VisualStudioVersion = 15.0.27004.2006
MinimumVisualStudioVersion = 10.0.40219.1
Project("{8BC9CEB8-8B4A-11D0-8D11-00A0C91BC942}") = "KinectCore", "KinectCore\KinectCore.vcxproj", "{94E286E2-7943-4C94-AE27-96C0AE811AEF}"
	ProjectSection(ProjectDependencies) = postProject
		{783722A3-C3C4-4FE9-AA6E-B8AB0C3CBCA2} = {783722A3-C3C4-4FE9-AA6E-B8AB0C3CBCA2}
	EndProjectSection
EndProject
Project("{8BC9CEB8-8B4A-11D0-8D11-00A0C91BC942}") = "Common", "Common\Common.vcxproj", "{783722A3-C3C4-4FE9-AA6E-B8AB0C3CBCA2}"
EndProject
Project("{8BC9CEB8-8B4A-11D0-8D11-00A0C91BC942}") = "KinectTest", "KinectTest\KinectTest.vcxproj", "{1B79057A-55E2-48D9-88A7-4B7A03BE0502}"
EndProject
Global
	GlobalSection(SolutionConfigurationPlatforms) = preSolution
		Debug|x64 = Debug|x64
		Debug|x86 = Debug|x86
		Release|x64 = Release|x64
		Release|x86 = Release|x86
	EndGlobalSection
	GlobalSection(ProjectConfigurationPlatforms) = postSolution
		{94E286E2-7943-4C94-AE27-96C0AE811AEF}.Debug|x64.ActiveCfg = Debug|x64
		{94E286E2-7943-4C94-AE27-96C0AE811AEF}.Debug|x64.Build.0 = Debug|x64
		{94E286E2-7943-4C94-AE27-96C0AE811AEF}.Debug|x86.ActiveCfg = Debug|Win32
		{94E286E2-7943-4C94-AE27-96C0AE811AEF}.Debug|x86.Build.0 = Debug|Win32
		{94E286E2-7943-4C94-AE27-96C0AE811AEF}.Release|x64.ActiveCfg = Release|x64
		{94E286E2-7943-4C94-AE27-96C0AE811AEF}.Release|x64.Build.0 = Release|x64
		{94E286E2-7943-4C94-AE27-96C0AE811AEF}.Release|x86.ActiveCfg = Release|Win32
		{94E286E2-7943-4C94-AE27-96C0AE811AEF}.Release|x86.Build.0 = Release|Win32
		{783722A3-C3C4-4FE9-AA6E-B8AB0C3CBCA2}.Debug|x64.ActiveCfg = Debug|x64
		{783722A3-C3C4-4FE9-AA6E-B8AB0C3CBCA2}.Debug|x64.Build.0 = Debug|x64
		{783722A3-C3C4-4FE9-AA6E-B8AB0C3CBCA2}.Debug|x86.ActiveCfg = Debug|Win32
		{783722A3-C3C4-4FE9-AA6E-B8AB0C3CBCA2}.Debug|x86.Build.0 = Debug|Win32
		{783722A3-C3C4-4FE9-AA6E-B8AB0C3CBCA2}.Release|x64.ActiveCfg = Release|x64
		{783722A3-C3C4-4FE9-AA6E-B8AB0C3CBCA2}.Release|x64.Build.0 = Release|x64
		{783722A3-C3C4-4FE9-AA6E-B8AB0C3CBCA2}.Release|x86.ActiveCfg = Release|Win32
		{783722A3-C3C4-4FE9-AA6E-B8AB0C3CBCA2}.Release|x86.Build.0 = Release|Win32
		{1B79057A-55E2-48D9-88A7-4B7A03BE0502}.Debug|x64.ActiveCfg = Debug|x64
		{1B79057A-55E2-48D9-88A7-4B7A03BE0502}.Debug|x64.Build.0 = Debug|x64
		{1B79057A-55E2-48D9-88A7-4B7A03BE0502}.Debug|x86.ActiveCfg = Debug|Win32
		{1B79057A-55E2-48D9-88A7-4B7A03BE0502}.Debug|x86.Build.0 = Debug|Win32
		{1B79057A-55E2-48D9-88A7-4B7A03BE0502}.Release|x64.ActiveCfg = Release|x64
		{1B79057A-55E2-48D9-88A7-4B7A03BE0502}.Release|x64.Build.0 = Release|x64
		{1B79057A-55E2-48D9-88A7-4B7A03BE0502}.Release|x86.ActiveCfg = Release|Win32
		{1B79057A-55E2-48D9-88A7-4B7A03BE0502}.Release|x86.Build.0 = Release|Win32
	EndGlobalSection
	GlobalSection(SolutionProperties) = preSolution
		HideSolutionNode = FALSE
	EndGlobalSection
	GlobalSection(ExtensibilityGlobals) = postSolution
		SolutionGuid = {C39734F0-D640-43E2-8351-5E72E7BE1955}
	EndGlobalSection
EndGlobal
