<?xml version="1.0" encoding="utf-8"?>
<Project ToolsVersion="4.0" xmlns="http://schemas.microsoft.com/developer/msbuild/2003">
  <ItemGroup>
    <ClInclude Include="ImportExport.hpp" />
    <ClInclude Include="Kinect\Error.hpp">
      <Filter>Kinect</Filter>
    </ClInclude>
    <ClInclude Include="Kinect\Sensor.hpp">
      <Filter>Kinect</Filter>
    </ClInclude>
    <ClInclude Include="Kinect\Skeleton.hpp">
      <Filter>Kinect</Filter>
    </ClInclude>
    <ClInclude Include="Kinect\Stream.hpp">
      <Filter>Kinect</Filter>
    </ClInclude>
  </ItemGroup>
  <ItemGroup>
    <Filter Include="Kinect">
      <UniqueIdentifier>{c4310a50-7dc5-42c8-8fe3-357c0a85d600}</UniqueIdentifier>
    </Filter>
  </ItemGroup>
  <ItemGroup>
    <ClCompile Include="Kinect\Error.cpp">
      <Filter>Kinect</Filter>
    </ClCompile>
    <ClCompile Include="Kinect\Sensor.cpp">
      <Filter>Kinect</Filter>
    </ClCompile>
    <ClCompile Include="Kinect\Skeleton.cpp">
      <Filter>Kinect</Filter>
    </ClCompile>
    <ClCompile Include="Kinect\Stream.cpp">
      <Filter>Kinect</Filter>
    </ClCompile>
  </ItemGroup>
</Project>